
Microsoft Visual Studio Solution File, Format Version 12.00
# Visual Studio 15
VisualStudioVersion = 15.0.26114.2
MinimumVisualStudioVersion = 10.0.40219.1
Project("{2150E333-8FDC-42A3-9474-1A3956D46DE8}") = "src", "src", "{A3743B5B-6637-4146-8D17-BD72F0E3B657}"
EndProject
Project("{2150E333-8FDC-42A3-9474-1A3956D46DE8}") = "test", "test", "{177FB3C7-0E1C-4115-BAE5-E9E3387F8F25}"
EndProject
Project("{9A19103F-16F7-4668-BE54-9A1E7A4F7556}") = "Postbode", "src\Postbode\Postbode.csproj", "{0C2020BC-AC61-4CF6-8C1A-3105E33A1172}"
EndProject
Project("{9A19103F-16F7-4668-BE54-9A1E7A4F7556}") = "Postbode.Mailgun", "src\Postbode.Mailgun\Postbode.Mailgun.csproj", "{CC979B38-86EF-4694-980B-6980438E3219}"
EndProject
Project("{9A19103F-16F7-4668-BE54-9A1E7A4F7556}") = "Postbode.Sendgrid", "src\Postbode.Sendgrid\Postbode.Sendgrid.csproj", "{6808E194-6D12-4373-8D39-673C81586C1F}"
EndProject
Project("{9A19103F-16F7-4668-BE54-9A1E7A4F7556}") = "Postbode.Smtp", "src\Postbode.Smtp\Postbode.Smtp.csproj", "{598A04E3-B100-4BD0-A98F-23A35565F184}"
EndProject
Project("{FAE04EC0-301F-11D3-BF4B-00C04F79EFBC}") = "Postbode.Test", "test\Postbode.Test\Postbode.Test.csproj", "{F3A60394-A99B-417F-ADF8-609AD43DDF59}"
EndProject
Project("{FAE04EC0-301F-11D3-BF4B-00C04F79EFBC}") = "Postbode.MimeKit", "ClassLibrary1\Postbode.MimeKit.csproj", "{01CB3849-7043-4A11-934E-D7A106150876}"
EndProject
Global
	GlobalSection(SolutionConfigurationPlatforms) = preSolution
		Debug|Any CPU = Debug|Any CPU
		Release|Any CPU = Release|Any CPU
	EndGlobalSection
	GlobalSection(ProjectConfigurationPlatforms) = postSolution
		{0C2020BC-AC61-4CF6-8C1A-3105E33A1172}.Debug|Any CPU.ActiveCfg = Debug|Any CPU
		{0C2020BC-AC61-4CF6-8C1A-3105E33A1172}.Debug|Any CPU.Build.0 = Debug|Any CPU
		{0C2020BC-AC61-4CF6-8C1A-3105E33A1172}.Release|Any CPU.ActiveCfg = Release|Any CPU
		{0C2020BC-AC61-4CF6-8C1A-3105E33A1172}.Release|Any CPU.Build.0 = Release|Any CPU
		{CC979B38-86EF-4694-980B-6980438E3219}.Debug|Any CPU.ActiveCfg = Debug|Any CPU
		{CC979B38-86EF-4694-980B-6980438E3219}.Debug|Any CPU.Build.0 = Debug|Any CPU
		{CC979B38-86EF-4694-980B-6980438E3219}.Release|Any CPU.ActiveCfg = Release|Any CPU
		{CC979B38-86EF-4694-980B-6980438E3219}.Release|Any CPU.Build.0 = Release|Any CPU
		{6808E194-6D12-4373-8D39-673C81586C1F}.Debug|Any CPU.ActiveCfg = Debug|Any CPU
		{6808E194-6D12-4373-8D39-673C81586C1F}.Debug|Any CPU.Build.0 = Debug|Any CPU
		{6808E194-6D12-4373-8D39-673C81586C1F}.Release|Any CPU.ActiveCfg = Release|Any CPU
		{6808E194-6D12-4373-8D39-673C81586C1F}.Release|Any CPU.Build.0 = Release|Any CPU
		{598A04E3-B100-4BD0-A98F-23A35565F184}.Debug|Any CPU.ActiveCfg = Debug|Any CPU
		{598A04E3-B100-4BD0-A98F-23A35565F184}.Debug|Any CPU.Build.0 = Debug|Any CPU
		{598A04E3-B100-4BD0-A98F-23A35565F184}.Release|Any CPU.ActiveCfg = Release|Any CPU
		{598A04E3-B100-4BD0-A98F-23A35565F184}.Release|Any CPU.Build.0 = Release|Any CPU
		{F3A60394-A99B-417F-ADF8-609AD43DDF59}.Debug|Any CPU.ActiveCfg = Debug|Any CPU
		{F3A60394-A99B-417F-ADF8-609AD43DDF59}.Debug|Any CPU.Build.0 = Debug|Any CPU
		{F3A60394-A99B-417F-ADF8-609AD43DDF59}.Release|Any CPU.ActiveCfg = Release|Any CPU
		{F3A60394-A99B-417F-ADF8-609AD43DDF59}.Release|Any CPU.Build.0 = Release|Any CPU
		{01CB3849-7043-4A11-934E-D7A106150876}.Debug|Any CPU.ActiveCfg = Debug|Any CPU
		{01CB3849-7043-4A11-934E-D7A106150876}.Debug|Any CPU.Build.0 = Debug|Any CPU
		{01CB3849-7043-4A11-934E-D7A106150876}.Release|Any CPU.ActiveCfg = Release|Any CPU
		{01CB3849-7043-4A11-934E-D7A106150876}.Release|Any CPU.Build.0 = Release|Any CPU
	EndGlobalSection
	GlobalSection(SolutionProperties) = preSolution
		HideSolutionNode = FALSE
	EndGlobalSection
	GlobalSection(NestedProjects) = preSolution
		{0C2020BC-AC61-4CF6-8C1A-3105E33A1172} = {A3743B5B-6637-4146-8D17-BD72F0E3B657}
		{CC979B38-86EF-4694-980B-6980438E3219} = {A3743B5B-6637-4146-8D17-BD72F0E3B657}
		{6808E194-6D12-4373-8D39-673C81586C1F} = {A3743B5B-6637-4146-8D17-BD72F0E3B657}
		{598A04E3-B100-4BD0-A98F-23A35565F184} = {A3743B5B-6637-4146-8D17-BD72F0E3B657}
		{F3A60394-A99B-417F-ADF8-609AD43DDF59} = {177FB3C7-0E1C-4115-BAE5-E9E3387F8F25}
		{01CB3849-7043-4A11-934E-D7A106150876} = {A3743B5B-6637-4146-8D17-BD72F0E3B657}
	EndGlobalSection
	GlobalSection(ExtensibilityGlobals) = postSolution
		SolutionGuid = {FB85604E-D99D-4459-88B3-B5C64CDC992E}
	EndGlobalSection
EndGlobal
